# This file is autogenerated, do not edit; changes may be undone by the next 'dep ensure'.


[[projects]]
  branch = "master"
  digest = "1:48687744c1ae1af0d5c1e304c43abfcadcb1f8c4bd63f0424917e18e04996f83"
  name = "github.com/moovweb/gokogiri"
  packages = [
    ".",
    "help",
    "html",
    "util",
    "xml",
    "xpath",
  ]
  pruneopts = "UT"
  revision = "a1a828153468a7518b184e698f6265904108d957"

[[projects]]
  branch = "master"
  digest = "1:4939e20b972c22cd512abff0bf6ed8fc0e3e86aeb836d016be3323c6a901d99d"
  name = "golang.org/x/net"
  packages = [
    "html",
    "html/atom",
    "html/charset",
  ]
  pruneopts = "UT"
  revision = "d26f9f9a57f3fab6a695bec0d84433c2c50f8bbf"

[[projects]]
  digest = "1:aa4d6967a3237f8367b6bf91503964a77183ecf696f1273e8ad3551bb4412b5f"
  name = "golang.org/x/text"
  packages = [
    "encoding",
    "encoding/charmap",
    "encoding/htmlindex",
    "encoding/internal",
    "encoding/internal/identifier",
    "encoding/japanese",
    "encoding/korean",
    "encoding/simplifiedchinese",
    "encoding/traditionalchinese",
    "encoding/unicode",
    "internal/gen",
    "internal/tag",
    "internal/utf8internal",
    "language",
    "runes",
    "transform",
    "unicode/cldr",
  ]
  pruneopts = "UT"
  revision = "f21a4dfb5e38f5895301dc265a8def02365cc3d0"
  version = "v0.3.0"

[solve-meta]
  analyzer-name = "dep"
  analyzer-version = 1
  input-imports = [
    "github.com/moovweb/gokogiri",
    "golang.org/x/net/html/charset",
  ]
  solver-name = "gps-cdcl"
  solver-version = 1
